
Microsoft Visual Studio Solution File, Format Version 12.00
# Visual Studio Version 17
VisualStudioVersion = 17.9.34728.123
MinimumVisualStudioVersion = 10.0.40219.1
Project("{FAE04EC0-301F-11D3-BF4B-00C04F79EFBC}") = "AttendanceManagementPortal.Desktop", "AttendanceManagementPortal.Desktop\AttendanceManagementPortal.Desktop.csproj", "{440CDB9A-4937-49A6-B477-25932F7568C1}"
EndProject
Project("{9A19103F-16F7-4668-BE54-9A1E7A4F7556}") = "AttendanceManagementPortal.Model", "AttendanceManagementPortal.Model\AttendanceManagementPortal.Model.csproj", "{2B55FEB2-718B-4611-9387-590247937D56}"
EndProject
Project("{9A19103F-16F7-4668-BE54-9A1E7A4F7556}") = "AttendanceManagementPortal.Api", "AttendanceManagementPortal.Api\AttendanceManagementPortal.Api.csproj", "{1D0CFEF8-AEB3-42D3-9E79-E760C8749D8B}"
EndProject
Project("{9A19103F-16F7-4668-BE54-9A1E7A4F7556}") = "AttendanceManagementPortal.Web", "AttendanceManagementPortal.Web\AttendanceManagementPortal.Web.csproj", "{61A6D791-5482-4345-8D9A-A533CFD357EA}"
EndProject
Project("{FAE04EC0-301F-11D3-BF4B-00C04F79EFBC}") = "AttendanceManagementPortal.Biometrics", "AttendanceManagementPortal.Biometrics\AttendanceManagementPortal.Biometrics.csproj", "{B3DB636C-0453-42E5-A279-70E542E5DCBB}"
EndProject
Global
	GlobalSection(SolutionConfigurationPlatforms) = preSolution
		Debug|Any CPU = Debug|Any CPU
		Release|Any CPU = Release|Any CPU
	EndGlobalSection
	GlobalSection(ProjectConfigurationPlatforms) = postSolution
		{440CDB9A-4937-49A6-B477-25932F7568C1}.Debug|Any CPU.ActiveCfg = Debug|Any CPU
		{440CDB9A-4937-49A6-B477-25932F7568C1}.Debug|Any CPU.Build.0 = Debug|Any CPU
		{440CDB9A-4937-49A6-B477-25932F7568C1}.Release|Any CPU.ActiveCfg = Release|Any CPU
		{440CDB9A-4937-49A6-B477-25932F7568C1}.Release|Any CPU.Build.0 = Release|Any CPU
		{2B55FEB2-718B-4611-9387-590247937D56}.Debug|Any CPU.ActiveCfg = Debug|Any CPU
		{2B55FEB2-718B-4611-9387-590247937D56}.Debug|Any CPU.Build.0 = Debug|Any CPU
		{2B55FEB2-718B-4611-9387-590247937D56}.Release|Any CPU.ActiveCfg = Release|Any CPU
		{2B55FEB2-718B-4611-9387-590247937D56}.Release|Any CPU.Build.0 = Release|Any CPU
		{1D0CFEF8-AEB3-42D3-9E79-E760C8749D8B}.Debug|Any CPU.ActiveCfg = Debug|Any CPU
		{1D0CFEF8-AEB3-42D3-9E79-E760C8749D8B}.Debug|Any CPU.Build.0 = Debug|Any CPU
		{1D0CFEF8-AEB3-42D3-9E79-E760C8749D8B}.Release|Any CPU.ActiveCfg = Release|Any CPU
		{1D0CFEF8-AEB3-42D3-9E79-E760C8749D8B}.Release|Any CPU.Build.0 = Release|Any CPU
		{61A6D791-5482-4345-8D9A-A533CFD357EA}.Debug|Any CPU.ActiveCfg = Debug|Any CPU
		{61A6D791-5482-4345-8D9A-A533CFD357EA}.Debug|Any CPU.Build.0 = Debug|Any CPU
		{61A6D791-5482-4345-8D9A-A533CFD357EA}.Release|Any CPU.ActiveCfg = Release|Any CPU
		{61A6D791-5482-4345-8D9A-A533CFD357EA}.Release|Any CPU.Build.0 = Release|Any CPU
		{B3DB636C-0453-42E5-A279-70E542E5DCBB}.Debug|Any CPU.ActiveCfg = Debug|Any CPU
		{B3DB636C-0453-42E5-A279-70E542E5DCBB}.Debug|Any CPU.Build.0 = Debug|Any CPU
		{B3DB636C-0453-42E5-A279-70E542E5DCBB}.Release|Any CPU.ActiveCfg = Release|Any CPU
		{B3DB636C-0453-42E5-A279-70E542E5DCBB}.Release|Any CPU.Build.0 = Release|Any CPU
	EndGlobalSection
	GlobalSection(SolutionProperties) = preSolution
		HideSolutionNode = FALSE
	EndGlobalSection
	GlobalSection(ExtensibilityGlobals) = postSolution
		SolutionGuid = {378549E2-F227-4AEB-8E40-B5D14A4C3C01}
	EndGlobalSection
EndGlobal
